
Microsoft Visual Studio Solution File, Format Version 12.00
# Visual Studio 15
VisualStudioVersion = 15.0.28010.2050
MinimumVisualStudioVersion = 10.0.40219.1
Project("{FAE04EC0-301F-11D3-BF4B-00C04F79EFBC}") = "ESPAPI", "ESPAPI\ESPAPI.csproj", "{93664EA8-A4B5-41D7-9915-45F2AE45B2DF}"
EndProject
Global
	GlobalSection(SolutionConfigurationPlatforms) = preSolution
		Debug|Any CPU = Debug|Any CPU
		Release|Any CPU = Release|Any CPU
	EndGlobalSection
	GlobalSection(ProjectConfigurationPlatforms) = postSolution
		{93664EA8-A4B5-41D7-9915-45F2AE45B2DF}.Debug|Any CPU.ActiveCfg = Debug|Any CPU
		{93664EA8-A4B5-41D7-9915-45F2AE45B2DF}.Debug|Any CPU.Build.0 = Debug|Any CPU
		{93664EA8-A4B5-41D7-9915-45F2AE45B2DF}.Release|Any CPU.ActiveCfg = Release|Any CPU
		{93664EA8-A4B5-41D7-9915-45F2AE45B2DF}.Release|Any CPU.Build.0 = Release|Any CPU
	EndGlobalSection
	GlobalSection(SolutionProperties) = preSolution
		HideSolutionNode = FALSE
	EndGlobalSection
	GlobalSection(ExtensibilityGlobals) = postSolution
		SolutionGuid = {A35C646F-56D4-446B-9173-A4B6D7479FC4}
	EndGlobalSection
EndGlobal
